
Microsoft Visual Studio Solution File, Format Version 12.00
# Visual Studio 15
VisualStudioVersion = 15.0.27703.2042
MinimumVisualStudioVersion = 10.0.40219.1
Project("{FAE04EC0-301F-11D3-BF4B-00C04F79EFBC}") = "poll_prom", "poll_prom\poll_prom.csproj", "{BE866FAB-6B1C-44C2-B970-CE946C8B18FA}"
EndProject
Global
	GlobalSection(SolutionConfigurationPlatforms) = preSolution
		Debug|Any CPU = Debug|Any CPU
		Release|Any CPU = Release|Any CPU
	EndGlobalSection
	GlobalSection(ProjectConfigurationPlatforms) = postSolution
		{BE866FAB-6B1C-44C2-B970-CE946C8B18FA}.Debug|Any CPU.ActiveCfg = Debug|Any CPU
		{BE866FAB-6B1C-44C2-B970-CE946C8B18FA}.Debug|Any CPU.Build.0 = Debug|Any CPU
		{BE866FAB-6B1C-44C2-B970-CE946C8B18FA}.Release|Any CPU.ActiveCfg = Release|Any CPU
		{BE866FAB-6B1C-44C2-B970-CE946C8B18FA}.Release|Any CPU.Build.0 = Release|Any CPU
	EndGlobalSection
	GlobalSection(SolutionProperties) = preSolution
		HideSolutionNode = FALSE
	EndGlobalSection
	GlobalSection(ExtensibilityGlobals) = postSolution
		SolutionGuid = {1B6D42F6-BE01-490A-8EC9-314420F604A7}
	EndGlobalSection
EndGlobal
